
Microsoft Visual Studio Solution File, Format Version 12.00
# Visual Studio 14
VisualStudioVersion = 14.0.25420.1
MinimumVisualStudioVersion = 10.0.40219.1
Project("{2150E333-8FDC-42A3-9474-1A3956D46DE8}") = "Data", "Data", "{6D7D5335-9092-45BD-A91B-04B1507E45BF}"
EndProject
Project("{2150E333-8FDC-42A3-9474-1A3956D46DE8}") = "Business", "Business", "{C2DF4A5E-F7A8-451C-9008-F24D4BDB1BA1}"
EndProject
Project("{2150E333-8FDC-42A3-9474-1A3956D46DE8}") = "Presentation", "Presentation", "{5A84EAB6-26C4-4BE5-9CF4-9BC1ED6DC713}"
EndProject
Project("{2150E333-8FDC-42A3-9474-1A3956D46DE8}") = "Shared", "Shared", "{AC8C09C3-AFF0-4BE0-BA50-9BA657C26AED}"
EndProject
Project("{FAE04EC0-301F-11D3-BF4B-00C04F79EFBC}") = "SharedLayer", "Shared\Facturador.Entities\SharedLayer.csproj", "{FAFE8B25-1EB9-4F68-8341-FDC7BD5EFB21}"
EndProject
Project("{FAE04EC0-301F-11D3-BF4B-00C04F79EFBC}") = "DataLayer", "Data\Facturador.Data\DataLayer.csproj", "{D5BFF6E7-6540-442B-9E06-F688DCBD99D4}"
EndProject
Project("{FAE04EC0-301F-11D3-BF4B-00C04F79EFBC}") = "BusisnessLayer", "Business\Facturador.Business\BusisnessLayer.csproj", "{660A647B-70E5-4D46-A586-DDC1BD0467A4}"
EndProject
Project("{FAE04EC0-301F-11D3-BF4B-00C04F79EFBC}") = "Facturador.UI.Web", "Presentation\Facturador.UI.Web\Facturador.UI.Web.csproj", "{1690B99B-5453-4BE6-93D2-2D29B6E5082C}"
EndProject
Global
	GlobalSection(SolutionConfigurationPlatforms) = preSolution
		Debug|Any CPU = Debug|Any CPU
		Release|Any CPU = Release|Any CPU
	EndGlobalSection
	GlobalSection(ProjectConfigurationPlatforms) = postSolution
		{FAFE8B25-1EB9-4F68-8341-FDC7BD5EFB21}.Debug|Any CPU.ActiveCfg = Debug|Any CPU
		{FAFE8B25-1EB9-4F68-8341-FDC7BD5EFB21}.Debug|Any CPU.Build.0 = Debug|Any CPU
		{FAFE8B25-1EB9-4F68-8341-FDC7BD5EFB21}.Release|Any CPU.ActiveCfg = Release|Any CPU
		{FAFE8B25-1EB9-4F68-8341-FDC7BD5EFB21}.Release|Any CPU.Build.0 = Release|Any CPU
		{D5BFF6E7-6540-442B-9E06-F688DCBD99D4}.Debug|Any CPU.ActiveCfg = Debug|Any CPU
		{D5BFF6E7-6540-442B-9E06-F688DCBD99D4}.Debug|Any CPU.Build.0 = Debug|Any CPU
		{D5BFF6E7-6540-442B-9E06-F688DCBD99D4}.Release|Any CPU.ActiveCfg = Release|Any CPU
		{D5BFF6E7-6540-442B-9E06-F688DCBD99D4}.Release|Any CPU.Build.0 = Release|Any CPU
		{660A647B-70E5-4D46-A586-DDC1BD0467A4}.Debug|Any CPU.ActiveCfg = Debug|Any CPU
		{660A647B-70E5-4D46-A586-DDC1BD0467A4}.Debug|Any CPU.Build.0 = Debug|Any CPU
		{660A647B-70E5-4D46-A586-DDC1BD0467A4}.Release|Any CPU.ActiveCfg = Release|Any CPU
		{660A647B-70E5-4D46-A586-DDC1BD0467A4}.Release|Any CPU.Build.0 = Release|Any CPU
		{1690B99B-5453-4BE6-93D2-2D29B6E5082C}.Debug|Any CPU.ActiveCfg = Debug|Any CPU
		{1690B99B-5453-4BE6-93D2-2D29B6E5082C}.Debug|Any CPU.Build.0 = Debug|Any CPU
		{1690B99B-5453-4BE6-93D2-2D29B6E5082C}.Release|Any CPU.ActiveCfg = Release|Any CPU
		{1690B99B-5453-4BE6-93D2-2D29B6E5082C}.Release|Any CPU.Build.0 = Release|Any CPU
	EndGlobalSection
	GlobalSection(SolutionProperties) = preSolution
		HideSolutionNode = FALSE
	EndGlobalSection
	GlobalSection(NestedProjects) = preSolution
		{FAFE8B25-1EB9-4F68-8341-FDC7BD5EFB21} = {AC8C09C3-AFF0-4BE0-BA50-9BA657C26AED}
		{D5BFF6E7-6540-442B-9E06-F688DCBD99D4} = {6D7D5335-9092-45BD-A91B-04B1507E45BF}
		{660A647B-70E5-4D46-A586-DDC1BD0467A4} = {C2DF4A5E-F7A8-451C-9008-F24D4BDB1BA1}
		{1690B99B-5453-4BE6-93D2-2D29B6E5082C} = {5A84EAB6-26C4-4BE5-9CF4-9BC1ED6DC713}
	EndGlobalSection
EndGlobal
